<Solution>
  <Project Path="Assembly-CSharp.csproj" />
  <Project Path="MagicaClothV2.csproj" />
  <Project Path="Kybernetik.Animancer.csproj" />
  <Project Path="Kybernetik.Animancer.Editor.csproj" />
  <Project Path="Arch.Unity.csproj" />
  <Project Path="Arch.Extend.csproj" />
  <Project Path="JKFrame.csproj" />
  <Project Path="Assembly-CSharp-Editor.csproj" />
  <Project Path="Arch.Unity.Editor.csproj" />
  <Project Path="MagicaCloth2Example.csproj" />
  <Project Path="FixMath.csproj" />
  <Project Path="JKFrameEditor.csproj" />
  <Project Path="MagicaClothV2.Editor.csproj" />
  <Project Path="Kybernetik.Animancer.FSM.csproj" />
  <Project Path="Sirenix.OdinInspector.Modules.UnityMathematics.csproj" />
</Solution>
