<Solution>
  <Project Path="Unity.Timeline.csproj" />
  <Project Path="PixelCrushersEditor.csproj" />
  <Project Path="DialogueSystem.csproj" />
  <Project Path="AstarPathfindingProject.csproj" />
  <Project Path="Assembly-CSharp.csproj" />
  <Project Path="Unity.PlasticSCM.Editor.csproj" />
  <Project Path="ARPG.Core.csproj" />
  <Project Path="Unity.ScriptableBuildPipeline.Editor.csproj" />
  <Project Path="DialogueSystemEditor.csproj" />
  <Project Path="Unity.Mathematics.csproj" />
  <Project Path="Unity.Timeline.Editor.csproj" />
  <Project Path="Unity.Collections.csproj" />
  <Project Path="Michsky.MUIP.csproj" />
  <Project Path="Unity.Addressables.Editor.csproj" />
  <Project Path="MagicaClothV2.csproj" />
  <Project Path="Unity.VisualScripting.Core.Editor.csproj" />
  <Project Path="Unity.PerformanceTesting.Editor.csproj" />
  <Project Path="Kybernetik.Animancer.csproj" />
  <Project Path="Unity.Burst.csproj" />
  <Project Path="Unity.VisualScripting.Flow.Editor.csproj" />
  <Project Path="AstarPathfindingProjectEditor.csproj" />
  <Project Path="ARPG.Battle.csproj" />
  <Project Path="Unity.Animation.Rigging.csproj" />
  <Project Path="Cinemachine.csproj" />
  <Project Path="Unity.VisualStudio.Editor.csproj" />
  <Project Path="Unity.InputSystem.csproj" />
  <Project Path="Unity.Animation.Rigging.Editor.csproj" />
  <Project Path="Kybernetik.Animancer.Editor.csproj" />
  <Project Path="PixelCrushers.csproj" />
  <Project Path="UniTask.csproj" />
  <Project Path="Unity.Searcher.Editor.csproj" />
  <Project Path="Unity.ResourceManager.csproj" />
  <Project Path="Unity.VisualScripting.Core.csproj" />
  <Project Path="Unity.Addressables.csproj" />
  <Project Path="ARPG.Manager.csproj" />
  <Project Path="Unity.AI.Navigation.Editor.ConversionSystem.csproj" />
  <Project Path="Unity.VisualScripting.State.Editor.csproj" />
  <Project Path="Unity.TestTools.CodeCoverage.Editor.csproj" />
  <Project Path="Arch.Unity.csproj" />
  <Project Path="Unity.Burst.CodeGen.csproj" />
  <Project Path="Arch.Extend.csproj" />
  <Project Path="UnitySkills.Editor.csproj" />
  <Project Path="Unity.Addressables.Editor.Tests.DocExampleCode.csproj" />
  <Project Path="Unity.VisualScripting.Flow.csproj" />
  <Project Path="Unity.PerformanceTesting.csproj" />
  <Project Path="Unity.TestTools.CodeCoverage.Editor.OpenCover.Model.csproj" />
  <Project Path="UniTask.Linq.csproj" />
  <Project Path="JKFrame.csproj" />
  <Project Path="com.unity.cinemachine.editor.csproj" />
  <Project Path="Unity.Burst.Editor.csproj" />
  <Project Path="Unity.TestTools.CodeCoverage.Editor.OpenCover.Mono.Reflection.csproj" />
  <Project Path="Assembly-CSharp-Editor.csproj" />
  <Project Path="Unity.Rider.Editor.csproj" />
  <Project Path="Arch.Unity.Editor.csproj" />
  <Project Path="Unity.VisualScripting.State.csproj" />
  <Project Path="Drawing.csproj" />
  <Project Path="Unity.AI.Navigation.Updater.csproj" />
  <Project Path="MagicaCloth2Example.csproj" />
  <Project Path="Unity.Performance.Profile-Analyzer.Editor.csproj" />
  <Project Path="FixMath.csproj" />
  <Project Path="Unity.AI.Navigation.Editor.csproj" />
  <Project Path="JKFrameEditor.csproj" />
  <Project Path="AstarPackageToolsEditor.csproj" />
  <Project Path="GOAP.EditorOnly.csproj" />
  <Project Path="MagicaClothV2.Editor.csproj" />
  <Project Path="Unity.InputSystem.ForUI.csproj" />
  <Project Path="Sirenix.OdinInspector.Modules.Unity.Addressables.csproj" />
  <Project Path="Unity.AI.Navigation.csproj" />
  <Project Path="Unity.Collections.CodeGen.csproj" />
  <Project Path="Kybernetik.Animancer.FSM.csproj" />
  <Project Path="ARPG.UI.csproj" />
  <Project Path="Unity.Mathematics.Editor.csproj" />
  <Project Path="Unity.VisualScripting.SettingsProvider.Editor.csproj" />
  <Project Path="UniTask.TextMeshPro.csproj" />
  <Project Path="Unity.Settings.Editor.csproj" />
  <Project Path="Unity.InputSystem.TestFramework.csproj" />
  <Project Path="Unity.VisualScripting.Shared.Editor.csproj" />
  <Project Path="Unity.Animation.Rigging.DocCodeExamples.csproj" />
  <Project Path="andywiecko.BurstTriangulator.csproj" />
  <Project Path="Unity.EditorCoroutines.Editor.csproj" />
  <Project Path="DamageNumbersPro.csproj" />
  <Project Path="PackageTools.csproj" />
  <Project Path="UniTask.Editor.csproj" />
  <Project Path="Unity.CollabProxy.Editor.csproj" />
  <Project Path="DrawingEditor.csproj" />
  <Project Path="DrawingPackageToolsEditor.csproj" />
  <Project Path="Unity.ScriptableBuildPipeline.csproj" />
  <Project Path="UniTask.Addressables.csproj" />
  <Project Path="Unity.Collections.Editor.csproj" />
  <Project Path="Sirenix.OdinInspector.Modules.UnityMathematics.csproj" />
  <Project Path="UniTask.DOTween.csproj" />
</Solution>
